
Microsoft Visual Studio Solution File, Format Version 12.00
# Visual Studio Version 17
VisualStudioVersion = 17.3.32922.545
MinimumVisualStudioVersion = 10.0.40219.1
Project("{9A19103F-16F7-4668-BE54-9A1E7A4F7556}") = "RmqLite", "Rmq.Services\RmqLite.csproj", "{8C3D7305-8521-430C-8DD5-3C9A0954E397}"
EndProject
Project("{9A19103F-16F7-4668-BE54-9A1E7A4F7556}") = "RmqLiteExample", "EmailSendingClient\RmqLiteExample.csproj", "{72A479C0-5287-489A-93D4-BAF49298BF53}"
EndProject
Global
	GlobalSection(SolutionConfigurationPlatforms) = preSolution
		Debug|Any CPU = Debug|Any CPU
		Release|Any CPU = Release|Any CPU
	EndGlobalSection
	GlobalSection(ProjectConfigurationPlatforms) = postSolution
		{8C3D7305-8521-430C-8DD5-3C9A0954E397}.Debug|Any CPU.ActiveCfg = Debug|Any CPU
		{8C3D7305-8521-430C-8DD5-3C9A0954E397}.Debug|Any CPU.Build.0 = Debug|Any CPU
		{8C3D7305-8521-430C-8DD5-3C9A0954E397}.Release|Any CPU.ActiveCfg = Release|Any CPU
		{8C3D7305-8521-430C-8DD5-3C9A0954E397}.Release|Any CPU.Build.0 = Release|Any CPU
		{72A479C0-5287-489A-93D4-BAF49298BF53}.Debug|Any CPU.ActiveCfg = Debug|Any CPU
		{72A479C0-5287-489A-93D4-BAF49298BF53}.Debug|Any CPU.Build.0 = Debug|Any CPU
		{72A479C0-5287-489A-93D4-BAF49298BF53}.Release|Any CPU.ActiveCfg = Release|Any CPU
		{72A479C0-5287-489A-93D4-BAF49298BF53}.Release|Any CPU.Build.0 = Release|Any CPU
	EndGlobalSection
	GlobalSection(SolutionProperties) = preSolution
		HideSolutionNode = FALSE
	EndGlobalSection
	GlobalSection(ExtensibilityGlobals) = postSolution
		SolutionGuid = {B288E15E-7D20-47AB-8A47-EF3C6923B6D1}
	EndGlobalSection
EndGlobal
